
Microsoft Visual Studio Solution File, Format Version 12.00
# Visual Studio Version 17
VisualStudioVersion = 17.2.32616.157
MinimumVisualStudioVersion = 10.0.40219.1
Project("{FAE04EC0-301F-11D3-BF4B-00C04F79EFBC}") = "DeliverableTwo", "DeliverableTwo\DeliverableTwo.csproj", "{C29CA5E3-0453-441D-9FEB-ECE0209F1E37}"
EndProject
Global
	GlobalSection(SolutionConfigurationPlatforms) = preSolution
		Debug|Any CPU = Debug|Any CPU
		Release|Any CPU = Release|Any CPU
	EndGlobalSection
	GlobalSection(ProjectConfigurationPlatforms) = postSolution
		{C29CA5E3-0453-441D-9FEB-ECE0209F1E37}.Debug|Any CPU.ActiveCfg = Debug|Any CPU
		{C29CA5E3-0453-441D-9FEB-ECE0209F1E37}.Debug|Any CPU.Build.0 = Debug|Any CPU
		{C29CA5E3-0453-441D-9FEB-ECE0209F1E37}.Release|Any CPU.ActiveCfg = Release|Any CPU
		{C29CA5E3-0453-441D-9FEB-ECE0209F1E37}.Release|Any CPU.Build.0 = Release|Any CPU
	EndGlobalSection
	GlobalSection(SolutionProperties) = preSolution
		HideSolutionNode = FALSE
	EndGlobalSection
	GlobalSection(ExtensibilityGlobals) = postSolution
		SolutionGuid = {5EC96788-3215-4194-890B-BBC7C54A70F3}
	EndGlobalSection
EndGlobal
